
Microsoft Visual Studio Solution File, Format Version 12.00
# Visual Studio 15
VisualStudioVersion = 15.0.28307.1738
MinimumVisualStudioVersion = 10.0.40219.1
Project("{FAE04EC0-301F-11D3-BF4B-00C04F79EFBC}") = "WebAppSession01", "WebAppSession01\WebAppSession01.csproj", "{2AF808CA-A850-4CEB-8920-16A4BC26003D}"
EndProject
Global
	GlobalSection(SolutionConfigurationPlatforms) = preSolution
		Debug|Any CPU = Debug|Any CPU
		Release|Any CPU = Release|Any CPU
	EndGlobalSection
	GlobalSection(ProjectConfigurationPlatforms) = postSolution
		{2AF808CA-A850-4CEB-8920-16A4BC26003D}.Debug|Any CPU.ActiveCfg = Debug|Any CPU
		{2AF808CA-A850-4CEB-8920-16A4BC26003D}.Debug|Any CPU.Build.0 = Debug|Any CPU
		{2AF808CA-A850-4CEB-8920-16A4BC26003D}.Release|Any CPU.ActiveCfg = Release|Any CPU
		{2AF808CA-A850-4CEB-8920-16A4BC26003D}.Release|Any CPU.Build.0 = Release|Any CPU
	EndGlobalSection
	GlobalSection(SolutionProperties) = preSolution
		HideSolutionNode = FALSE
	EndGlobalSection
	GlobalSection(ExtensibilityGlobals) = postSolution
		SolutionGuid = {29988543-F96B-493C-9A38-C752E9C056EF}
	EndGlobalSection
EndGlobal
